
Microsoft Visual Studio Solution File, Format Version 12.00
# Visual Studio Version 17
VisualStudioVersion = 17.12.35209.166
MinimumVisualStudioVersion = 10.0.40219.1
Project("{2150E333-8FDC-42A3-9474-1A3956D46DE8}") = "FrontEnd", "FrontEnd", "{4E3357C6-2920-4110-B505-CAFE58CCF2B5}"
EndProject
Project("{2150E333-8FDC-42A3-9474-1A3956D46DE8}") = "Gateway", "Gateway", "{556F549D-1AEB-4818-A128-3B9B1A39D7EF}"
EndProject
Project("{2150E333-8FDC-42A3-9474-1A3956D46DE8}") = "Integration", "Integration", "{FFEA0429-B39C-4510-BF0E-D6E8F524F82D}"
EndProject
Project("{2150E333-8FDC-42A3-9474-1A3956D46DE8}") = "Services", "Services", "{FE936F75-8BA5-4D88-9128-BC7EE7BDC155}"
EndProject
Project("{FAE04EC0-301F-11D3-BF4B-00C04F79EFBC}") = "Mango.Services.CouponAPI", "Services\Mango.Services.CouponAPI\Mango.Services.CouponAPI.csproj", "{F04ECBED-25BB-4BA3-B514-8F3D4FE08D09}"
EndProject
Project("{FAE04EC0-301F-11D3-BF4B-00C04F79EFBC}") = "Mango.Web", "FrontEnd\Mango.Web\Mango.Web.csproj", "{844F0639-C8EA-4CEA-9677-E744302890F4}"
EndProject
Project("{FAE04EC0-301F-11D3-BF4B-00C04F79EFBC}") = "Mango.Services.AuthAPI", "Services\Mango.Services.AuthAPI\Mango.Services.AuthAPI.csproj", "{69F4E5A4-73C9-43F8-8B3B-F858F8034043}"
EndProject
Project("{FAE04EC0-301F-11D3-BF4B-00C04F79EFBC}") = "Mango.Services.ProductAPI", "Services\Mango.Services.ProductAPI\Mango.Services.ProductAPI.csproj", "{0ECCC038-48B6-4154-A29C-0BE69D3BA3C4}"
EndProject
Project("{FAE04EC0-301F-11D3-BF4B-00C04F79EFBC}") = "Mango.Services.ShoppingCartAPI", "Services\Mango.Services.ShoppingCartAPI\Mango.Services.ShoppingCartAPI.csproj", "{55765626-DF03-48F8-A7D3-DD6205D222C9}"
EndProject
Project("{2150E333-8FDC-42A3-9474-1A3956D46DE8}") = "Solution Items", "Solution Items", "{F9B83943-0896-4192-8E27-60178A593F1C}"
	ProjectSection(SolutionItems) = preProject
		.gitignore = .gitignore
	EndProjectSection
EndProject
Global
	GlobalSection(SolutionConfigurationPlatforms) = preSolution
		Debug|Any CPU = Debug|Any CPU
		Release|Any CPU = Release|Any CPU
	EndGlobalSection
	GlobalSection(ProjectConfigurationPlatforms) = postSolution
		{F04ECBED-25BB-4BA3-B514-8F3D4FE08D09}.Debug|Any CPU.ActiveCfg = Debug|Any CPU
		{F04ECBED-25BB-4BA3-B514-8F3D4FE08D09}.Debug|Any CPU.Build.0 = Debug|Any CPU
		{F04ECBED-25BB-4BA3-B514-8F3D4FE08D09}.Release|Any CPU.ActiveCfg = Release|Any CPU
		{F04ECBED-25BB-4BA3-B514-8F3D4FE08D09}.Release|Any CPU.Build.0 = Release|Any CPU
		{844F0639-C8EA-4CEA-9677-E744302890F4}.Debug|Any CPU.ActiveCfg = Debug|Any CPU
		{844F0639-C8EA-4CEA-9677-E744302890F4}.Debug|Any CPU.Build.0 = Debug|Any CPU
		{844F0639-C8EA-4CEA-9677-E744302890F4}.Release|Any CPU.ActiveCfg = Release|Any CPU
		{844F0639-C8EA-4CEA-9677-E744302890F4}.Release|Any CPU.Build.0 = Release|Any CPU
		{69F4E5A4-73C9-43F8-8B3B-F858F8034043}.Debug|Any CPU.ActiveCfg = Debug|Any CPU
		{69F4E5A4-73C9-43F8-8B3B-F858F8034043}.Debug|Any CPU.Build.0 = Debug|Any CPU
		{69F4E5A4-73C9-43F8-8B3B-F858F8034043}.Release|Any CPU.ActiveCfg = Release|Any CPU
		{69F4E5A4-73C9-43F8-8B3B-F858F8034043}.Release|Any CPU.Build.0 = Release|Any CPU
		{0ECCC038-48B6-4154-A29C-0BE69D3BA3C4}.Debug|Any CPU.ActiveCfg = Debug|Any CPU
		{0ECCC038-48B6-4154-A29C-0BE69D3BA3C4}.Debug|Any CPU.Build.0 = Debug|Any CPU
		{0ECCC038-48B6-4154-A29C-0BE69D3BA3C4}.Release|Any CPU.ActiveCfg = Release|Any CPU
		{0ECCC038-48B6-4154-A29C-0BE69D3BA3C4}.Release|Any CPU.Build.0 = Release|Any CPU
		{55765626-DF03-48F8-A7D3-DD6205D222C9}.Debug|Any CPU.ActiveCfg = Debug|Any CPU
		{55765626-DF03-48F8-A7D3-DD6205D222C9}.Debug|Any CPU.Build.0 = Debug|Any CPU
		{55765626-DF03-48F8-A7D3-DD6205D222C9}.Release|Any CPU.ActiveCfg = Release|Any CPU
		{55765626-DF03-48F8-A7D3-DD6205D222C9}.Release|Any CPU.Build.0 = Release|Any CPU
	EndGlobalSection
	GlobalSection(SolutionProperties) = preSolution
		HideSolutionNode = FALSE
	EndGlobalSection
	GlobalSection(NestedProjects) = preSolution
		{F04ECBED-25BB-4BA3-B514-8F3D4FE08D09} = {FE936F75-8BA5-4D88-9128-BC7EE7BDC155}
		{844F0639-C8EA-4CEA-9677-E744302890F4} = {4E3357C6-2920-4110-B505-CAFE58CCF2B5}
		{69F4E5A4-73C9-43F8-8B3B-F858F8034043} = {FE936F75-8BA5-4D88-9128-BC7EE7BDC155}
		{0ECCC038-48B6-4154-A29C-0BE69D3BA3C4} = {FE936F75-8BA5-4D88-9128-BC7EE7BDC155}
		{55765626-DF03-48F8-A7D3-DD6205D222C9} = {FE936F75-8BA5-4D88-9128-BC7EE7BDC155}
	EndGlobalSection
	GlobalSection(ExtensibilityGlobals) = postSolution
		SolutionGuid = {4E387059-675C-4BD4-B531-0DA8402BB5E7}
	EndGlobalSection
EndGlobal
